// !$*UTF8*$!
{
	archiveVersion = 1;
	classes = {
	};
	objectVersion = 46;
	objects = {

/* Begin PBXBuildFile section */
		C809B6C31AD65BDE0047F19A /* Account.swift in Sources */ = {isa = PBXBuildFile; fileRef = C81979001AD6340800518CBB /* Account.swift */; };
		C809B6C41AD65C700047F19A /* AccountViewController.swift in Sources */ = {isa = PBXBuildFile; fileRef = C875355D1AD5334700999099 /* AccountViewController.swift */; };
		C809B6C51AD65F370047F19A /* Main.storyboard in Resources */ = {isa = PBXBuildFile; fileRef = C875351E1AD5157300999099 /* Main.storyboard */; };
		C809B6C81AD6624F0047F19A /* AccountBuilder.swift in Sources */ = {isa = PBXBuildFile; fileRef = C809B6C71AD6624F0047F19A /* AccountBuilder.swift */; };
		C81978FD1AD62E6300518CBB /* Alamofire.framework in Frameworks */ = {isa = PBXBuildFile; fileRef = C81978F41AD62E4800518CBB /* Alamofire.framework */; };
		C81978FE1AD62E7100518CBB /* Alamofire.framework in CopyFiles */ = {isa = PBXBuildFile; fileRef = C81978F41AD62E4800518CBB /* Alamofire.framework */; settings = {ATTRIBUTES = (CodeSignOnCopy, RemoveHeadersOnCopy, ); }; };
		C81979011AD6340800518CBB /* Account.swift in Sources */ = {isa = PBXBuildFile; fileRef = C81979001AD6340800518CBB /* Account.swift */; };
		C875351B1AD5157300999099 /* AppDelegate.swift in Sources */ = {isa = PBXBuildFile; fileRef = C875351A1AD5157300999099 /* AppDelegate.swift */; };
		C87535201AD5157300999099 /* Main.storyboard in Resources */ = {isa = PBXBuildFile; fileRef = C875351E1AD5157300999099 /* Main.storyboard */; };
		C87535221AD5157300999099 /* Images.xcassets in Resources */ = {isa = PBXBuildFile; fileRef = C87535211AD5157300999099 /* Images.xcassets */; };
		C87535251AD5157300999099 /* LaunchScreen.xib in Resources */ = {isa = PBXBuildFile; fileRef = C87535231AD5157300999099 /* LaunchScreen.xib */; };
		C87535511AD51BBA00999099 /* Services.swift in Sources */ = {isa = PBXBuildFile; fileRef = C87535501AD51BBA00999099 /* Services.swift */; };
		C87535531AD51C2500999099 /* Services.swift in Sources */ = {isa = PBXBuildFile; fileRef = C87535501AD51BBA00999099 /* Services.swift */; };
		C87535591AD531F500999099 /* YSLContainerViewController.m in Sources */ = {isa = PBXBuildFile; fileRef = C87535561AD531F500999099 /* YSLContainerViewController.m */; };
		C875355A1AD531F500999099 /* YSLScrollMenuView.m in Sources */ = {isa = PBXBuildFile; fileRef = C87535581AD531F500999099 /* YSLScrollMenuView.m */; };
		C875355E1AD5334700999099 /* AccountViewController.swift in Sources */ = {isa = PBXBuildFile; fileRef = C875355D1AD5334700999099 /* AccountViewController.swift */; };
		C88FDB791AD7893C006B8967 /* YSLContainerViewController.m in Sources */ = {isa = PBXBuildFile; fileRef = C87535561AD531F500999099 /* YSLContainerViewController.m */; };
		C88FDB7D1AD7893E006B8967 /* YSLScrollMenuView.m in Sources */ = {isa = PBXBuildFile; fileRef = C87535581AD531F500999099 /* YSLScrollMenuView.m */; };
		C88FDB821AD78A1F006B8967 /* FakeServices.swift in Sources */ = {isa = PBXBuildFile; fileRef = C88FDB811AD78A1F006B8967 /* FakeServices.swift */; };
		C89FA5A51AD7803100D965CA /* AccountsPagerViewControllerTests.swift in Sources */ = {isa = PBXBuildFile; fileRef = C89FA5A41AD7803000D965CA /* AccountsPagerViewControllerTests.swift */; };
		C89FA5A91AD7805F00D965CA /* AccountsPagerViewController.swift in Sources */ = {isa = PBXBuildFile; fileRef = C875355B1AD5326300999099 /* AccountsPagerViewController.swift */; };
		C89FA5AB1AD7816900D965CA /* ServicesTests.swift in Sources */ = {isa = PBXBuildFile; fileRef = C89FA5AA1AD7816900D965CA /* ServicesTests.swift */; };
		C8E426D71AD673A000EC05B4 /* Alamofire.framework in Frameworks */ = {isa = PBXBuildFile; fileRef = C81978F41AD62E4800518CBB /* Alamofire.framework */; };
		C8E426D91AD673B000EC05B4 /* Alamofire.framework in CopyFiles */ = {isa = PBXBuildFile; fileRef = C81978F41AD62E4800518CBB /* Alamofire.framework */; settings = {ATTRIBUTES = (CodeSignOnCopy, RemoveHeadersOnCopy, ); }; };
		D76DB5E11AE4DB4B00772854 /* User.swift in Sources */ = {isa = PBXBuildFile; fileRef = D76DB5E01AE4DB4B00772854 /* User.swift */; };
		D76DB5E21AE4DB6F00772854 /* User.swift in Sources */ = {isa = PBXBuildFile; fileRef = D76DB5E01AE4DB4B00772854 /* User.swift */; };
		D76DB5E41AE4DB8E00772854 /* UserTest.swift in Sources */ = {isa = PBXBuildFile; fileRef = D76DB5E31AE4DB8E00772854 /* UserTest.swift */; };
		D76DB5E61AE4E0E700772854 /* UserBuilder.swift in Sources */ = {isa = PBXBuildFile; fileRef = D76DB5E51AE4E0E700772854 /* UserBuilder.swift */; };
		D76DB5E81AE4FB5F00772854 /* AccountTest.swift in Sources */ = {isa = PBXBuildFile; fileRef = D76DB5E71AE4FB5F00772854 /* AccountTest.swift */; };
		D76DB5EB1AE5122300772854 /* StringExtension.swift in Sources */ = {isa = PBXBuildFile; fileRef = D76DB5EA1AE5122300772854 /* StringExtension.swift */; };
		D76DB5EC1AE5122300772854 /* StringExtension.swift in Sources */ = {isa = PBXBuildFile; fileRef = D76DB5EA1AE5122300772854 /* StringExtension.swift */; };
		F4B355681AE7818900FD45F5 /* AccountInputViewController.swift in Sources */ = {isa = PBXBuildFile; fileRef = F4B355671AE7818900FD45F5 /* AccountInputViewController.swift */; };
		D77755991AE74A430087BA01 /* HttpClientTest.swift in Sources */ = {isa = PBXBuildFile; fileRef = D77755981AE74A430087BA01 /* HttpClientTest.swift */; };
		D777559B1AE74A600087BA01 /* HttpClient.swift in Sources */ = {isa = PBXBuildFile; fileRef = D777559A1AE74A600087BA01 /* HttpClient.swift */; };
		D777559C1AE74A600087BA01 /* HttpClient.swift in Sources */ = {isa = PBXBuildFile; fileRef = D777559A1AE74A600087BA01 /* HttpClient.swift */; };
/* End PBXBuildFile section */

/* Begin PBXContainerItemProxy section */
		C81978F31AD62E4800518CBB /* PBXContainerItemProxy */ = {
			isa = PBXContainerItemProxy;
			containerPortal = C81978EC1AD62E4800518CBB /* Alamofire.xcodeproj */;
			proxyType = 2;
			remoteGlobalIDString = F8111E3319A95C8B0040E7D1;
			remoteInfo = "Alamofire iOS";
		};
		C81978F51AD62E4800518CBB /* PBXContainerItemProxy */ = {
			isa = PBXContainerItemProxy;
			containerPortal = C81978EC1AD62E4800518CBB /* Alamofire.xcodeproj */;
			proxyType = 2;
			remoteGlobalIDString = 4DD67C0B1A5C55C900ED2280;
			remoteInfo = "Alamofire OSX";
		};
		C81978F71AD62E4800518CBB /* PBXContainerItemProxy */ = {
			isa = PBXContainerItemProxy;
			containerPortal = C81978EC1AD62E4800518CBB /* Alamofire.xcodeproj */;
			proxyType = 2;
			remoteGlobalIDString = F8111E3E19A95C8B0040E7D1;
			remoteInfo = "Alamofire iOS Tests";
		};
		C81978F91AD62E4800518CBB /* PBXContainerItemProxy */ = {
			isa = PBXContainerItemProxy;
			containerPortal = C81978EC1AD62E4800518CBB /* Alamofire.xcodeproj */;
			proxyType = 2;
			remoteGlobalIDString = F829C6B21A7A94F100A2CD59;
			remoteInfo = "Alamofire OSX Tests";
		};
		C81978FB1AD62E5A00518CBB /* PBXContainerItemProxy */ = {
			isa = PBXContainerItemProxy;
			containerPortal = C81978EC1AD62E4800518CBB /* Alamofire.xcodeproj */;
			proxyType = 1;
			remoteGlobalIDString = F8111E3219A95C8B0040E7D1;
			remoteInfo = "Alamofire iOS";
		};
		C875352B1AD5157300999099 /* PBXContainerItemProxy */ = {
			isa = PBXContainerItemProxy;
			containerPortal = C875350D1AD5157200999099 /* Project object */;
			proxyType = 1;
			remoteGlobalIDString = C87535141AD5157300999099;
			remoteInfo = POL;
		};
/* End PBXContainerItemProxy section */

/* Begin PBXCopyFilesBuildPhase section */
		C87535491AD5196700999099 /* CopyFiles */ = {
			isa = PBXCopyFilesBuildPhase;
			buildActionMask = 12;
			dstPath = "";
			dstSubfolderSpec = 10;
			files = (
				C81978FE1AD62E7100518CBB /* Alamofire.framework in CopyFiles */,
			);
			runOnlyForDeploymentPostprocessing = 0;
		};
		C8E426D81AD673A500EC05B4 /* CopyFiles */ = {
			isa = PBXCopyFilesBuildPhase;
			buildActionMask = 12;
			dstPath = "";
			dstSubfolderSpec = 10;
			files = (
				C8E426D91AD673B000EC05B4 /* Alamofire.framework in CopyFiles */,
			);
			runOnlyForDeploymentPostprocessing = 0;
		};
/* End PBXCopyFilesBuildPhase section */

/* Begin PBXFileReference section */
		C809B6C71AD6624F0047F19A /* AccountBuilder.swift */ = {isa = PBXFileReference; fileEncoding = 4; lastKnownFileType = sourcecode.swift; name = AccountBuilder.swift; path = Builder/AccountBuilder.swift; sourceTree = "<group>"; };
		C81978EC1AD62E4800518CBB /* Alamofire.xcodeproj */ = {isa = PBXFileReference; lastKnownFileType = "wrapper.pb-project"; name = Alamofire.xcodeproj; path = Vendor/Alamofire/Alamofire.xcodeproj; sourceTree = SOURCE_ROOT; };
		C81979001AD6340800518CBB /* Account.swift */ = {isa = PBXFileReference; fileEncoding = 4; lastKnownFileType = sourcecode.swift; name = Account.swift; path = Model/Account.swift; sourceTree = "<group>"; };
		C87535151AD5157300999099 /* POL.app */ = {isa = PBXFileReference; explicitFileType = wrapper.application; includeInIndex = 0; path = POL.app; sourceTree = BUILT_PRODUCTS_DIR; };
		C87535191AD5157300999099 /* Info.plist */ = {isa = PBXFileReference; lastKnownFileType = text.plist.xml; path = Info.plist; sourceTree = "<group>"; };
		C875351A1AD5157300999099 /* AppDelegate.swift */ = {isa = PBXFileReference; lastKnownFileType = sourcecode.swift; path = AppDelegate.swift; sourceTree = "<group>"; };
		C875351F1AD5157300999099 /* Base */ = {isa = PBXFileReference; lastKnownFileType = file.storyboard; name = Base; path = Base.lproj/Main.storyboard; sourceTree = "<group>"; };
		C87535211AD5157300999099 /* Images.xcassets */ = {isa = PBXFileReference; lastKnownFileType = folder.assetcatalog; path = Images.xcassets; sourceTree = "<group>"; };
		C87535241AD5157300999099 /* Base */ = {isa = PBXFileReference; lastKnownFileType = file.xib; name = Base; path = Base.lproj/LaunchScreen.xib; sourceTree = "<group>"; };
		C875352A1AD5157300999099 /* POLTests.xctest */ = {isa = PBXFileReference; explicitFileType = wrapper.cfbundle; includeInIndex = 0; path = POLTests.xctest; sourceTree = BUILT_PRODUCTS_DIR; };
		C875352F1AD5157300999099 /* Info.plist */ = {isa = PBXFileReference; lastKnownFileType = text.plist.xml; path = Info.plist; sourceTree = "<group>"; };
		C875354C1AD5199800999099 /* POL-Bridging-Header.h */ = {isa = PBXFileReference; lastKnownFileType = sourcecode.c.h; path = "POL-Bridging-Header.h"; sourceTree = "<group>"; };
		C87535501AD51BBA00999099 /* Services.swift */ = {isa = PBXFileReference; fileEncoding = 4; lastKnownFileType = sourcecode.swift; name = Services.swift; path = Helper/Services.swift; sourceTree = "<group>"; };
		C87535551AD531F500999099 /* YSLContainerViewController.h */ = {isa = PBXFileReference; fileEncoding = 4; lastKnownFileType = sourcecode.c.h; name = YSLContainerViewController.h; path = Vendor/YSLScrollMenu/YSLContainerViewController.h; sourceTree = SOURCE_ROOT; };
		C87535561AD531F500999099 /* YSLContainerViewController.m */ = {isa = PBXFileReference; fileEncoding = 4; lastKnownFileType = sourcecode.c.objc; name = YSLContainerViewController.m; path = Vendor/YSLScrollMenu/YSLContainerViewController.m; sourceTree = SOURCE_ROOT; };
		C87535571AD531F500999099 /* YSLScrollMenuView.h */ = {isa = PBXFileReference; fileEncoding = 4; lastKnownFileType = sourcecode.c.h; name = YSLScrollMenuView.h; path = Vendor/YSLScrollMenu/YSLScrollMenuView.h; sourceTree = SOURCE_ROOT; };
		C87535581AD531F500999099 /* YSLScrollMenuView.m */ = {isa = PBXFileReference; fileEncoding = 4; lastKnownFileType = sourcecode.c.objc; name = YSLScrollMenuView.m; path = Vendor/YSLScrollMenu/YSLScrollMenuView.m; sourceTree = SOURCE_ROOT; };
		C875355D1AD5334700999099 /* AccountViewController.swift */ = {isa = PBXFileReference; fileEncoding = 4; lastKnownFileType = sourcecode.swift; path = AccountViewController.swift; sourceTree = "<group>"; };
		C88FDB811AD78A1F006B8967 /* FakeServices.swift */ = {isa = PBXFileReference; fileEncoding = 4; lastKnownFileType = sourcecode.swift; path = FakeServices.swift; sourceTree = "<group>"; };
		C89FA5A41AD7803000D965CA /* AccountsPagerViewControllerTests.swift */ = {isa = PBXFileReference; fileEncoding = 4; lastKnownFileType = sourcecode.swift; path = AccountsPagerViewControllerTests.swift; sourceTree = "<group>"; };
		C89FA5AA1AD7816900D965CA /* ServicesTests.swift */ = {isa = PBXFileReference; fileEncoding = 4; lastKnownFileType = sourcecode.swift; path = ServicesTests.swift; sourceTree = "<group>"; };
		D76DB5E01AE4DB4B00772854 /* User.swift */ = {isa = PBXFileReference; fileEncoding = 4; lastKnownFileType = sourcecode.swift; name = User.swift; path = Model/User.swift; sourceTree = "<group>"; };
		D76DB5E31AE4DB8E00772854 /* UserTest.swift */ = {isa = PBXFileReference; fileEncoding = 4; lastKnownFileType = sourcecode.swift; path = UserTest.swift; sourceTree = "<group>"; };
		D76DB5E51AE4E0E700772854 /* UserBuilder.swift */ = {isa = PBXFileReference; fileEncoding = 4; lastKnownFileType = sourcecode.swift; path = UserBuilder.swift; sourceTree = "<group>"; };
		D76DB5E71AE4FB5F00772854 /* AccountTest.swift */ = {isa = PBXFileReference; fileEncoding = 4; lastKnownFileType = sourcecode.swift; path = AccountTest.swift; sourceTree = "<group>"; };
		D76DB5EA1AE5122300772854 /* StringExtension.swift */ = {isa = PBXFileReference; fileEncoding = 4; lastKnownFileType = sourcecode.swift; name = StringExtension.swift; path = Util/StringExtension.swift; sourceTree = "<group>"; };
		F4B355671AE7818900FD45F5 /* AccountInputViewController.swift */ = {isa = PBXFileReference; fileEncoding = 4; lastKnownFileType = sourcecode.swift; path = AccountInputViewController.swift; sourceTree = "<group>"; };
		D77755981AE74A430087BA01 /* HttpClientTest.swift */ = {isa = PBXFileReference; fileEncoding = 4; lastKnownFileType = sourcecode.swift; path = HttpClientTest.swift; sourceTree = "<group>"; };
		D777559A1AE74A600087BA01 /* HttpClient.swift */ = {isa = PBXFileReference; fileEncoding = 4; lastKnownFileType = sourcecode.swift; path = HttpClient.swift; sourceTree = "<group>"; };
/* End PBXFileReference section */

/* Begin PBXFrameworksBuildPhase section */
		C87535121AD5157300999099 /* Frameworks */ = {
			isa = PBXFrameworksBuildPhase;
			buildActionMask = 2147483647;
			files = (
				C81978FD1AD62E6300518CBB /* Alamofire.framework in Frameworks */,
			);
			runOnlyForDeploymentPostprocessing = 0;
		};
		C87535271AD5157300999099 /* Frameworks */ = {
			isa = PBXFrameworksBuildPhase;
			buildActionMask = 2147483647;
			files = (
				C8E426D71AD673A000EC05B4 /* Alamofire.framework in Frameworks */,
			);
			runOnlyForDeploymentPostprocessing = 0;
		};
/* End PBXFrameworksBuildPhase section */

/* Begin PBXGroup section */
		C809B6C61AD662240047F19A /* Builder */ = {
			isa = PBXGroup;
			children = (
				C809B6C71AD6624F0047F19A /* AccountBuilder.swift */,
				D76DB5E51AE4E0E700772854 /* UserBuilder.swift */,
			);
			name = Builder;
			sourceTree = "<group>";
		};
		C81978ED1AD62E4800518CBB /* Products */ = {
			isa = PBXGroup;
			children = (
				C81978F41AD62E4800518CBB /* Alamofire.framework */,
				C81978F61AD62E4800518CBB /* Alamofire.framework */,
				C81978F81AD62E4800518CBB /* Alamofire iOS Tests.xctest */,
				C81978FA1AD62E4800518CBB /* Alamofire OSX Tests.xctest */,
			);
			name = Products;
			sourceTree = "<group>";
		};
		C875350C1AD5157200999099 = {
			isa = PBXGroup;
			children = (
				C87535171AD5157300999099 /* POL */,
				C875352D1AD5157300999099 /* POLTests */,
				C87535161AD5157300999099 /* Products */,
			);
			sourceTree = "<group>";
		};
		C87535161AD5157300999099 /* Products */ = {
			isa = PBXGroup;
			children = (
				C87535151AD5157300999099 /* POL.app */,
				C875352A1AD5157300999099 /* POLTests.xctest */,
			);
			name = Products;
			sourceTree = "<group>";
		};
		C87535171AD5157300999099 /* POL */ = {
			isa = PBXGroup;
			children = (
				C875353A1AD517BB00999099 /* Model */,
				C875353B1AD517C100999099 /* View */,
				C875354B1AD5198100999099 /* Helper */,
				C875353C1AD517C700999099 /* Vendor */,
				C875351A1AD5157300999099 /* AppDelegate.swift */,
				C875355D1AD5334700999099 /* AccountViewController.swift */,
				F4B355671AE7818900FD45F5 /* AccountInputViewController.swift */,
				C875351E1AD5157300999099 /* Main.storyboard */,
				C87535211AD5157300999099 /* Images.xcassets */,
				C87535231AD5157300999099 /* LaunchScreen.xib */,
				C87535181AD5157300999099 /* Supporting Files */,
			);
			path = POL;
			sourceTree = "<group>";
		};
		C87535181AD5157300999099 /* Supporting Files */ = {
			isa = PBXGroup;
			children = (
				C875354C1AD5199800999099 /* POL-Bridging-Header.h */,
				C87535191AD5157300999099 /* Info.plist */,
			);
			name = "Supporting Files";
			sourceTree = "<group>";
		};
		C875352D1AD5157300999099 /* POLTests */ = {
			isa = PBXGroup;
			children = (
				D7CD5A281AE64FD800AF1937 /* Controller */,
				D76DB5DF1AE4D5BF00772854 /* Model */,
				C809B6C61AD662240047F19A /* Builder */,
				C89FA5AC1AD7818000D965CA /* Helper */,
				C875352E1AD5157300999099 /* Supporting Files */,
			);
			path = POLTests;
			sourceTree = "<group>";
		};
		C875352E1AD5157300999099 /* Supporting Files */ = {
			isa = PBXGroup;
			children = (
				C875352F1AD5157300999099 /* Info.plist */,
			);
			name = "Supporting Files";
			sourceTree = "<group>";
		};
		C875353A1AD517BB00999099 /* Model */ = {
			isa = PBXGroup;
			children = (
				C81979001AD6340800518CBB /* Account.swift */,
				D76DB5E01AE4DB4B00772854 /* User.swift */,
			);
			name = Model;
			sourceTree = "<group>";
		};
		C875353B1AD517C100999099 /* View */ = {
			isa = PBXGroup;
			children = (
			);
			name = View;
			sourceTree = "<group>";
		};
		C875353C1AD517C700999099 /* Vendor */ = {
			isa = PBXGroup;
			children = (
				D76DB5E91AE5116600772854 /* Util */,
				C87535541AD531EB00999099 /* YSLScrollMenu */,
				C81978EC1AD62E4800518CBB /* Alamofire.xcodeproj */,
			);
			name = Vendor;
			sourceTree = "<group>";
		};
		C875354B1AD5198100999099 /* Helper */ = {
			isa = PBXGroup;
			children = (
				C87535501AD51BBA00999099 /* Services.swift */,
				D777559A1AE74A600087BA01 /* HttpClient.swift */,
			);
			name = Helper;
			sourceTree = "<group>";
		};
		C87535541AD531EB00999099 /* YSLScrollMenu */ = {
			isa = PBXGroup;
			children = (
				C87535551AD531F500999099 /* YSLContainerViewController.h */,
				C87535561AD531F500999099 /* YSLContainerViewController.m */,
				C87535571AD531F500999099 /* YSLScrollMenuView.h */,
				C87535581AD531F500999099 /* YSLScrollMenuView.m */,
			);
			name = YSLScrollMenu;
			sourceTree = "<group>";
		};
		C89FA5AC1AD7818000D965CA /* Helper */ = {
			isa = PBXGroup;
			children = (
				C89FA5AA1AD7816900D965CA /* ServicesTests.swift */,
				D77755981AE74A430087BA01 /* HttpClientTest.swift */,
			);
			name = Helper;
			sourceTree = "<group>";
		};
		D76DB5DF1AE4D5BF00772854 /* Model */ = {
			isa = PBXGroup;
			children = (
				D76DB5E31AE4DB8E00772854 /* UserTest.swift */,
				D76DB5E71AE4FB5F00772854 /* AccountTest.swift */,
			);
			name = Model;
			sourceTree = "<group>";
		};
		D76DB5E91AE5116600772854 /* Util */ = {
			isa = PBXGroup;
			children = (
				D76DB5EA1AE5122300772854 /* StringExtension.swift */,
			);
			name = Util;
			sourceTree = "<group>";
		};
		D7CD5A281AE64FD800AF1937 /* Controller */ = {
			isa = PBXGroup;
			children = (
			);
			name = Controller;
			sourceTree = "<group>";
		};
/* End PBXGroup section */

/* Begin PBXNativeTarget section */
		C87535141AD5157300999099 /* POL */ = {
			isa = PBXNativeTarget;
			buildConfigurationList = C87535341AD5157300999099 /* Build configuration list for PBXNativeTarget "POL" */;
			buildPhases = (
				C87535111AD5157300999099 /* Sources */,
				C87535121AD5157300999099 /* Frameworks */,
				C87535131AD5157300999099 /* Resources */,
				C87535491AD5196700999099 /* CopyFiles */,
			);
			buildRules = (
			);
			dependencies = (
				C81978FC1AD62E5A00518CBB /* PBXTargetDependency */,
			);
			name = POL;
			productName = POL;
			productReference = C87535151AD5157300999099 /* POL.app */;
			productType = "com.apple.product-type.application";
		};
		C87535291AD5157300999099 /* POLTests */ = {
			isa = PBXNativeTarget;
			buildConfigurationList = C87535371AD5157300999099 /* Build configuration list for PBXNativeTarget "POLTests" */;
			buildPhases = (
				C87535261AD5157300999099 /* Sources */,
				C87535271AD5157300999099 /* Frameworks */,
				C87535281AD5157300999099 /* Resources */,
				C8E426D81AD673A500EC05B4 /* CopyFiles */,
			);
			buildRules = (
			);
			dependencies = (
				C875352C1AD5157300999099 /* PBXTargetDependency */,
			);
			name = POLTests;
			productName = POLTests;
			productReference = C875352A1AD5157300999099 /* POLTests.xctest */;
			productType = "com.apple.product-type.bundle.unit-test";
		};
/* End PBXNativeTarget section */

/* Begin PBXProject section */
		C875350D1AD5157200999099 /* Project object */ = {
			isa = PBXProject;
			attributes = {
				LastUpgradeCheck = 0620;
				ORGANIZATIONNAME = SCB;
				TargetAttributes = {
					C87535141AD5157300999099 = {
						CreatedOnToolsVersion = 6.2;
					};
					C87535291AD5157300999099 = {
						CreatedOnToolsVersion = 6.2;
						TestTargetID = C87535141AD5157300999099;
					};
				};
			};
			buildConfigurationList = C87535101AD5157200999099 /* Build configuration list for PBXProject "POL" */;
			compatibilityVersion = "Xcode 3.2";
			developmentRegion = English;
			hasScannedForEncodings = 0;
			knownRegions = (
				en,
				Base,
			);
			mainGroup = C875350C1AD5157200999099;
			productRefGroup = C87535161AD5157300999099 /* Products */;
			projectDirPath = "";
			projectReferences = (
				{
					ProductGroup = C81978ED1AD62E4800518CBB /* Products */;
					ProjectRef = C81978EC1AD62E4800518CBB /* Alamofire.xcodeproj */;
				},
			);
			projectRoot = "";
			targets = (
				C87535141AD5157300999099 /* POL */,
				C87535291AD5157300999099 /* POLTests */,
			);
		};
/* End PBXProject section */

/* Begin PBXReferenceProxy section */
		C81978F41AD62E4800518CBB /* Alamofire.framework */ = {
			isa = PBXReferenceProxy;
			fileType = wrapper.framework;
			path = Alamofire.framework;
			remoteRef = C81978F31AD62E4800518CBB /* PBXContainerItemProxy */;
			sourceTree = BUILT_PRODUCTS_DIR;
		};
		C81978F61AD62E4800518CBB /* Alamofire.framework */ = {
			isa = PBXReferenceProxy;
			fileType = wrapper.framework;
			path = Alamofire.framework;
			remoteRef = C81978F51AD62E4800518CBB /* PBXContainerItemProxy */;
			sourceTree = BUILT_PRODUCTS_DIR;
		};
		C81978F81AD62E4800518CBB /* Alamofire iOS Tests.xctest */ = {
			isa = PBXReferenceProxy;
			fileType = wrapper.cfbundle;
			path = "Alamofire iOS Tests.xctest";
			remoteRef = C81978F71AD62E4800518CBB /* PBXContainerItemProxy */;
			sourceTree = BUILT_PRODUCTS_DIR;
		};
		C81978FA1AD62E4800518CBB /* Alamofire OSX Tests.xctest */ = {
			isa = PBXReferenceProxy;
			fileType = wrapper.cfbundle;
			path = "Alamofire OSX Tests.xctest";
			remoteRef = C81978F91AD62E4800518CBB /* PBXContainerItemProxy */;
			sourceTree = BUILT_PRODUCTS_DIR;
		};
/* End PBXReferenceProxy section */

/* Begin PBXResourcesBuildPhase section */
		C87535131AD5157300999099 /* Resources */ = {
			isa = PBXResourcesBuildPhase;
			buildActionMask = 2147483647;
			files = (
				C87535201AD5157300999099 /* Main.storyboard in Resources */,
				C87535251AD5157300999099 /* LaunchScreen.xib in Resources */,
				C87535221AD5157300999099 /* Images.xcassets in Resources */,
			);
			runOnlyForDeploymentPostprocessing = 0;
		};
		C87535281AD5157300999099 /* Resources */ = {
			isa = PBXResourcesBuildPhase;
			buildActionMask = 2147483647;
			files = (
				C809B6C51AD65F370047F19A /* Main.storyboard in Resources */,
			);
			runOnlyForDeploymentPostprocessing = 0;
		};
/* End PBXResourcesBuildPhase section */

/* Begin PBXSourcesBuildPhase section */
		C87535111AD5157300999099 /* Sources */ = {
			isa = PBXSourcesBuildPhase;
			buildActionMask = 2147483647;
			files = (
				C87535591AD531F500999099 /* YSLContainerViewController.m in Sources */,
				D76DB5EB1AE5122300772854 /* StringExtension.swift in Sources */,
				C875355E1AD5334700999099 /* AccountViewController.swift in Sources */,
				C87535511AD51BBA00999099 /* Services.swift in Sources */,
				C875351B1AD5157300999099 /* AppDelegate.swift in Sources */,
				D76DB5E11AE4DB4B00772854 /* User.swift in Sources */,
				D777559B1AE74A600087BA01 /* HttpClient.swift in Sources */,
				C81979011AD6340800518CBB /* Account.swift in Sources */,
				C875355A1AD531F500999099 /* YSLScrollMenuView.m in Sources */,
				F4B355681AE7818900FD45F5 /* AccountInputViewController.swift in Sources */,
			);
			runOnlyForDeploymentPostprocessing = 0;
		};
		C87535261AD5157300999099 /* Sources */ = {
			isa = PBXSourcesBuildPhase;
			buildActionMask = 2147483647;
			files = (
				D76DB5E21AE4DB6F00772854 /* User.swift in Sources */,
				C809B6C41AD65C700047F19A /* AccountViewController.swift in Sources */,
				C809B6C31AD65BDE0047F19A /* Account.swift in Sources */,
				D777559C1AE74A600087BA01 /* HttpClient.swift in Sources */,
				D76DB5EC1AE5122300772854 /* StringExtension.swift in Sources */,
				C89FA5AB1AD7816900D965CA /* ServicesTests.swift in Sources */,
				D76DB5E41AE4DB8E00772854 /* UserTest.swift in Sources */,
				D77755991AE74A430087BA01 /* HttpClientTest.swift in Sources */,
				D76DB5E81AE4FB5F00772854 /* AccountTest.swift in Sources */,
				C87535531AD51C2500999099 /* Services.swift in Sources */,
				C88FDB821AD78A1F006B8967 /* FakeServices.swift in Sources */,
				C89FA5A91AD7805F00D965CA /* AccountsPagerViewController.swift in Sources */,
				D76DB5E61AE4E0E700772854 /* UserBuilder.swift in Sources */,
				C88FDB7D1AD7893E006B8967 /* YSLScrollMenuView.m in Sources */,
				C809B6C81AD6624F0047F19A /* AccountBuilder.swift in Sources */,
				C88FDB791AD7893C006B8967 /* YSLContainerViewController.m in Sources */,
			);
			runOnlyForDeploymentPostprocessing = 0;
		};
/* End PBXSourcesBuildPhase section */

/* Begin PBXTargetDependency section */
		C81978FC1AD62E5A00518CBB /* PBXTargetDependency */ = {
			isa = PBXTargetDependency;
			name = "Alamofire iOS";
			targetProxy = C81978FB1AD62E5A00518CBB /* PBXContainerItemProxy */;
		};
		C875352C1AD5157300999099 /* PBXTargetDependency */ = {
			isa = PBXTargetDependency;
			target = C87535141AD5157300999099 /* POL */;
			targetProxy = C875352B1AD5157300999099 /* PBXContainerItemProxy */;
		};
/* End PBXTargetDependency section */

/* Begin PBXVariantGroup section */
		C875351E1AD5157300999099 /* Main.storyboard */ = {
			isa = PBXVariantGroup;
			children = (
				C875351F1AD5157300999099 /* Base */,
			);
			name = Main.storyboard;
			sourceTree = "<group>";
		};
		C87535231AD5157300999099 /* LaunchScreen.xib */ = {
			isa = PBXVariantGroup;
			children = (
				C87535241AD5157300999099 /* Base */,
			);
			name = LaunchScreen.xib;
			sourceTree = "<group>";
		};
/* End PBXVariantGroup section */

/* Begin XCBuildConfiguration section */
		C87535321AD5157300999099 /* Debug */ = {
			isa = XCBuildConfiguration;
			buildSettings = {
				ALWAYS_SEARCH_USER_PATHS = NO;
				CLANG_CXX_LANGUAGE_STANDARD = "gnu++0x";
				CLANG_CXX_LIBRARY = "libc++";
				CLANG_ENABLE_MODULES = YES;
				CLANG_ENABLE_OBJC_ARC = YES;
				CLANG_WARN_BOOL_CONVERSION = YES;
				CLANG_WARN_CONSTANT_CONVERSION = YES;
				CLANG_WARN_DIRECT_OBJC_ISA_USAGE = YES_ERROR;
				CLANG_WARN_EMPTY_BODY = YES;
				CLANG_WARN_ENUM_CONVERSION = YES;
				CLANG_WARN_INT_CONVERSION = YES;
				CLANG_WARN_OBJC_ROOT_CLASS = YES_ERROR;
				CLANG_WARN_UNREACHABLE_CODE = YES;
				CLANG_WARN__DUPLICATE_METHOD_MATCH = YES;
				"CODE_SIGN_IDENTITY[sdk=iphoneos*]" = "iPhone Developer";
				COPY_PHASE_STRIP = NO;
				ENABLE_STRICT_OBJC_MSGSEND = YES;
				GCC_C_LANGUAGE_STANDARD = gnu99;
				GCC_DYNAMIC_NO_PIC = NO;
				GCC_OPTIMIZATION_LEVEL = 0;
				GCC_PREPROCESSOR_DEFINITIONS = (
					"DEBUG=1",
					"$(inherited)",
				);
				GCC_SYMBOLS_PRIVATE_EXTERN = NO;
				GCC_WARN_64_TO_32_BIT_CONVERSION = YES;
				GCC_WARN_ABOUT_RETURN_TYPE = YES_ERROR;
				GCC_WARN_UNDECLARED_SELECTOR = YES;
				GCC_WARN_UNINITIALIZED_AUTOS = YES_AGGRESSIVE;
				GCC_WARN_UNUSED_FUNCTION = YES;
				GCC_WARN_UNUSED_VARIABLE = YES;
				IPHONEOS_DEPLOYMENT_TARGET = 8.2;
				MTL_ENABLE_DEBUG_INFO = YES;
				ONLY_ACTIVE_ARCH = YES;
				SDKROOT = iphoneos;
				SWIFT_OPTIMIZATION_LEVEL = "-Onone";
			};
			name = Debug;
		};
		C87535331AD5157300999099 /* Release */ = {
			isa = XCBuildConfiguration;
			buildSettings = {
				ALWAYS_SEARCH_USER_PATHS = NO;
				CLANG_CXX_LANGUAGE_STANDARD = "gnu++0x";
				CLANG_CXX_LIBRARY = "libc++";
				CLANG_ENABLE_MODULES = YES;
				CLANG_ENABLE_OBJC_ARC = YES;
				CLANG_WARN_BOOL_CONVERSION = YES;
				CLANG_WARN_CONSTANT_CONVERSION = YES;
				CLANG_WARN_DIRECT_OBJC_ISA_USAGE = YES_ERROR;
				CLANG_WARN_EMPTY_BODY = YES;
				CLANG_WARN_ENUM_CONVERSION = YES;
				CLANG_WARN_INT_CONVERSION = YES;
				CLANG_WARN_OBJC_ROOT_CLASS = YES_ERROR;
				CLANG_WARN_UNREACHABLE_CODE = YES;
				CLANG_WARN__DUPLICATE_METHOD_MATCH = YES;
				"CODE_SIGN_IDENTITY[sdk=iphoneos*]" = "iPhone Developer";
				COPY_PHASE_STRIP = NO;
				ENABLE_NS_ASSERTIONS = NO;
				ENABLE_STRICT_OBJC_MSGSEND = YES;
				GCC_C_LANGUAGE_STANDARD = gnu99;
				GCC_WARN_64_TO_32_BIT_CONVERSION = YES;
				GCC_WARN_ABOUT_RETURN_TYPE = YES_ERROR;
				GCC_WARN_UNDECLARED_SELECTOR = YES;
				GCC_WARN_UNINITIALIZED_AUTOS = YES_AGGRESSIVE;
				GCC_WARN_UNUSED_FUNCTION = YES;
				GCC_WARN_UNUSED_VARIABLE = YES;
				IPHONEOS_DEPLOYMENT_TARGET = 8.2;
				MTL_ENABLE_DEBUG_INFO = NO;
				SDKROOT = iphoneos;
				VALIDATE_PRODUCT = YES;
			};
			name = Release;
		};
		C87535351AD5157300999099 /* Debug */ = {
			isa = XCBuildConfiguration;
			buildSettings = {
				ASSETCATALOG_COMPILER_APPICON_NAME = AppIcon;
				CLANG_ENABLE_MODULES = YES;
				INFOPLIST_FILE = POL/Info.plist;
				IPHONEOS_DEPLOYMENT_TARGET = 7.0;
				LD_RUNPATH_SEARCH_PATHS = "$(inherited) @executable_path/Frameworks";
				PRODUCT_NAME = "$(TARGET_NAME)";
				PROVISIONING_PROFILE = "235af187-cabb-4578-a927-f1c7231a10ee";
				SWIFT_OBJC_BRIDGING_HEADER = "POL/POL-Bridging-Header.h";
				SWIFT_OPTIMIZATION_LEVEL = "-Onone";
			};
			name = Debug;
		};
		C87535361AD5157300999099 /* Release */ = {
			isa = XCBuildConfiguration;
			buildSettings = {
				ASSETCATALOG_COMPILER_APPICON_NAME = AppIcon;
				CLANG_ENABLE_MODULES = YES;
				INFOPLIST_FILE = POL/Info.plist;
				IPHONEOS_DEPLOYMENT_TARGET = 7.0;
				LD_RUNPATH_SEARCH_PATHS = "$(inherited) @executable_path/Frameworks";
				PRODUCT_NAME = "$(TARGET_NAME)";
				PROVISIONING_PROFILE = "235af187-cabb-4578-a927-f1c7231a10ee";
				SWIFT_OBJC_BRIDGING_HEADER = "POL/POL-Bridging-Header.h";
			};
			name = Release;
		};
		C87535381AD5157300999099 /* Debug */ = {
			isa = XCBuildConfiguration;
			buildSettings = {
				BUNDLE_LOADER = "$(TEST_HOST)";
				FRAMEWORK_SEARCH_PATHS = (
					"$(SDKROOT)/Developer/Library/Frameworks",
					"$(inherited)",
				);
				GCC_PREPROCESSOR_DEFINITIONS = (
					"DEBUG=1",
					"$(inherited)",
				);
				INFOPLIST_FILE = POLTests/Info.plist;
				LD_RUNPATH_SEARCH_PATHS = "$(inherited) @executable_path/Frameworks @loader_path/Frameworks";
				PRODUCT_NAME = "$(TARGET_NAME)";
				SWIFT_OBJC_BRIDGING_HEADER = "POL/POL-Bridging-Header.h";
				TEST_HOST = "$(BUILT_PRODUCTS_DIR)/POL.app/POL";
			};
			name = Debug;
		};
		C87535391AD5157300999099 /* Release */ = {
			isa = XCBuildConfiguration;
			buildSettings = {
				BUNDLE_LOADER = "$(TEST_HOST)";
				FRAMEWORK_SEARCH_PATHS = (
					"$(SDKROOT)/Developer/Library/Frameworks",
					"$(inherited)",
				);
				INFOPLIST_FILE = POLTests/Info.plist;
				LD_RUNPATH_SEARCH_PATHS = "$(inherited) @executable_path/Frameworks @loader_path/Frameworks";
				PRODUCT_NAME = "$(TARGET_NAME)";
				SWIFT_OBJC_BRIDGING_HEADER = "POL/POL-Bridging-Header.h";
				TEST_HOST = "$(BUILT_PRODUCTS_DIR)/POL.app/POL";
			};
			name = Release;
		};
/* End XCBuildConfiguration section */

/* Begin XCConfigurationList section */
		C87535101AD5157200999099 /* Build configuration list for PBXProject "POL" */ = {
			isa = XCConfigurationList;
			buildConfigurations = (
				C87535321AD5157300999099 /* Debug */,
				C87535331AD5157300999099 /* Release */,
			);
			defaultConfigurationIsVisible = 0;
			defaultConfigurationName = Release;
		};
		C87535341AD5157300999099 /* Build configuration list for PBXNativeTarget "POL" */ = {
			isa = XCConfigurationList;
			buildConfigurations = (
				C87535351AD5157300999099 /* Debug */,
				C87535361AD5157300999099 /* Release */,
			);
			defaultConfigurationIsVisible = 0;
			defaultConfigurationName = Release;
		};
		C87535371AD5157300999099 /* Build configuration list for PBXNativeTarget "POLTests" */ = {
			isa = XCConfigurationList;
			buildConfigurations = (
				C87535381AD5157300999099 /* Debug */,
				C87535391AD5157300999099 /* Release */,
			);
			defaultConfigurationIsVisible = 0;
			defaultConfigurationName = Release;
		};
/* End XCConfigurationList section */
	};
	rootObject = C875350D1AD5157200999099 /* Project object */;
}
